
Microsoft Visual Studio Solution File, Format Version 12.00
# Visual Studio Version 17
VisualStudioVersion = 17.12.35728.132
MinimumVisualStudioVersion = 10.0.40219.1
Project("{FAE04EC0-301F-11D3-BF4B-00C04F79EFBC}") = "Vlasenko_PM02", "Vlasenko_PM02\Vlasenko_PM02.csproj", "{AC6941DF-91BF-46DC-A718-659F4E47C954}"
EndProject
Project("{FAE04EC0-301F-11D3-BF4B-00C04F79EFBC}") = "DijkstraTests", "DijkstraTests\DijkstraTests.csproj", "{7A59AC43-B46C-460F-990D-FFB70AD2C778}"
EndProject
Global
	GlobalSection(SolutionConfigurationPlatforms) = preSolution
		Debug|Any CPU = Debug|Any CPU
		Release|Any CPU = Release|Any CPU
	EndGlobalSection
	GlobalSection(ProjectConfigurationPlatforms) = postSolution
		{AC6941DF-91BF-46DC-A718-659F4E47C954}.Debug|Any CPU.ActiveCfg = Debug|Any CPU
		{AC6941DF-91BF-46DC-A718-659F4E47C954}.Debug|Any CPU.Build.0 = Debug|Any CPU
		{AC6941DF-91BF-46DC-A718-659F4E47C954}.Release|Any CPU.ActiveCfg = Release|Any CPU
		{AC6941DF-91BF-46DC-A718-659F4E47C954}.Release|Any CPU.Build.0 = Release|Any CPU
		{7A59AC43-B46C-460F-990D-FFB70AD2C778}.Debug|Any CPU.ActiveCfg = Debug|Any CPU
		{7A59AC43-B46C-460F-990D-FFB70AD2C778}.Debug|Any CPU.Build.0 = Debug|Any CPU
		{7A59AC43-B46C-460F-990D-FFB70AD2C778}.Release|Any CPU.ActiveCfg = Release|Any CPU
		{7A59AC43-B46C-460F-990D-FFB70AD2C778}.Release|Any CPU.Build.0 = Release|Any CPU
	EndGlobalSection
	GlobalSection(SolutionProperties) = preSolution
		HideSolutionNode = FALSE
	EndGlobalSection
EndGlobal
